
Microsoft Visual Studio Solution File, Format Version 12.00
# Visual Studio Version 16
VisualStudioVersion = 16.0.30011.22
MinimumVisualStudioVersion = 10.0.40219.1
Project("{FAE04EC0-301F-11D3-BF4B-00C04F79EFBC}") = "week2", "week2\week2.csproj", "{A5235855-BD0F-4568-B015-0606B55712F5}"
EndProject
Global
	GlobalSection(SolutionConfigurationPlatforms) = preSolution
		Debug|Any CPU = Debug|Any CPU
		Release|Any CPU = Release|Any CPU
	EndGlobalSection
	GlobalSection(ProjectConfigurationPlatforms) = postSolution
		{A5235855-BD0F-4568-B015-0606B55712F5}.Debug|Any CPU.ActiveCfg = Debug|Any CPU
		{A5235855-BD0F-4568-B015-0606B55712F5}.Debug|Any CPU.Build.0 = Debug|Any CPU
		{A5235855-BD0F-4568-B015-0606B55712F5}.Release|Any CPU.ActiveCfg = Release|Any CPU
		{A5235855-BD0F-4568-B015-0606B55712F5}.Release|Any CPU.Build.0 = Release|Any CPU
	EndGlobalSection
	GlobalSection(SolutionProperties) = preSolution
		HideSolutionNode = FALSE
	EndGlobalSection
	GlobalSection(ExtensibilityGlobals) = postSolution
		SolutionGuid = {4DED5C57-A5BE-4EF5-8E0C-C9CBC52EF691}
	EndGlobalSection
EndGlobal
